
Microsoft Visual Studio Solution File, Format Version 12.00
# Visual Studio Version 16
VisualStudioVersion = 16.0.29503.13
MinimumVisualStudioVersion = 10.0.40219.1
Project("{FAE04EC0-301F-11D3-BF4B-00C04F79EFBC}") = "SqareLibrary", "SqareLibrary\SqareLibrary.csproj", "{8911AC97-E2E3-4574-A664-C84CEBC9C1FB}"
EndProject
Global
	GlobalSection(SolutionConfigurationPlatforms) = preSolution
		Debug|Any CPU = Debug|Any CPU
		Release|Any CPU = Release|Any CPU
	EndGlobalSection
	GlobalSection(ProjectConfigurationPlatforms) = postSolution
		{8911AC97-E2E3-4574-A664-C84CEBC9C1FB}.Debug|Any CPU.ActiveCfg = Debug|Any CPU
		{8911AC97-E2E3-4574-A664-C84CEBC9C1FB}.Debug|Any CPU.Build.0 = Debug|Any CPU
		{8911AC97-E2E3-4574-A664-C84CEBC9C1FB}.Release|Any CPU.ActiveCfg = Release|Any CPU
		{8911AC97-E2E3-4574-A664-C84CEBC9C1FB}.Release|Any CPU.Build.0 = Release|Any CPU
	EndGlobalSection
	GlobalSection(SolutionProperties) = preSolution
		HideSolutionNode = FALSE
	EndGlobalSection
	GlobalSection(ExtensibilityGlobals) = postSolution
		SolutionGuid = {059EE2D2-F469-499D-A791-E131623C29E6}
	EndGlobalSection
EndGlobal
